
Microsoft Visual Studio Solution File, Format Version 12.00
# Visual Studio 14
VisualStudioVersion = 14.0.24720.0
MinimumVisualStudioVersion = 10.0.40219.1
Project("{FAE04EC0-301F-11D3-BF4B-00C04F79EFBC}") = "GameStoreMVC.Domain", "GameStoreMVC.Domain\GameStoreMVC.Domain.csproj", "{A78EDF84-7EAE-4D84-947B-774CA05920BF}"
EndProject
Project("{FAE04EC0-301F-11D3-BF4B-00C04F79EFBC}") = "GameStoreMVC.WebUI", "GameStoreMVC.WebUI\GameStoreMVC.WebUI.csproj", "{8950F41A-7631-4AD2-B1AD-16A8F392A09F}"
EndProject
Project("{FAE04EC0-301F-11D3-BF4B-00C04F79EFBC}") = "GameStoreMVC.UnitTests", "GameStoreMVC.UnitTests\GameStoreMVC.UnitTests.csproj", "{6E8EA62D-C6F3-4E47-B84D-3D1AE9058070}"
EndProject
Global
	GlobalSection(SolutionConfigurationPlatforms) = preSolution
		Debug|Any CPU = Debug|Any CPU
		Release|Any CPU = Release|Any CPU
	EndGlobalSection
	GlobalSection(ProjectConfigurationPlatforms) = postSolution
		{A78EDF84-7EAE-4D84-947B-774CA05920BF}.Debug|Any CPU.ActiveCfg = Debug|Any CPU
		{A78EDF84-7EAE-4D84-947B-774CA05920BF}.Debug|Any CPU.Build.0 = Debug|Any CPU
		{A78EDF84-7EAE-4D84-947B-774CA05920BF}.Release|Any CPU.ActiveCfg = Release|Any CPU
		{A78EDF84-7EAE-4D84-947B-774CA05920BF}.Release|Any CPU.Build.0 = Release|Any CPU
		{8950F41A-7631-4AD2-B1AD-16A8F392A09F}.Debug|Any CPU.ActiveCfg = Debug|Any CPU
		{8950F41A-7631-4AD2-B1AD-16A8F392A09F}.Debug|Any CPU.Build.0 = Debug|Any CPU
		{8950F41A-7631-4AD2-B1AD-16A8F392A09F}.Release|Any CPU.ActiveCfg = Release|Any CPU
		{8950F41A-7631-4AD2-B1AD-16A8F392A09F}.Release|Any CPU.Build.0 = Release|Any CPU
		{6E8EA62D-C6F3-4E47-B84D-3D1AE9058070}.Debug|Any CPU.ActiveCfg = Debug|Any CPU
		{6E8EA62D-C6F3-4E47-B84D-3D1AE9058070}.Debug|Any CPU.Build.0 = Debug|Any CPU
		{6E8EA62D-C6F3-4E47-B84D-3D1AE9058070}.Release|Any CPU.ActiveCfg = Release|Any CPU
		{6E8EA62D-C6F3-4E47-B84D-3D1AE9058070}.Release|Any CPU.Build.0 = Release|Any CPU
	EndGlobalSection
	GlobalSection(SolutionProperties) = preSolution
		HideSolutionNode = FALSE
	EndGlobalSection
EndGlobal
